
Microsoft Visual Studio Solution File, Format Version 12.00
# Visual Studio Version 16
VisualStudioVersion = 16.0.30523.141
MinimumVisualStudioVersion = 10.0.40219.1
Project("{9A19103F-16F7-4668-BE54-9A1E7A4F7556}") = "Receiver", "Receiver.csproj", "{930A11DD-BC3A-4E4A-915C-1CFC12BB73F8}"
EndProject
Global
	GlobalSection(SolutionConfigurationPlatforms) = preSolution
		Debug|Any CPU = Debug|Any CPU
		Release|Any CPU = Release|Any CPU
	EndGlobalSection
	GlobalSection(ProjectConfigurationPlatforms) = postSolution
		{930A11DD-BC3A-4E4A-915C-1CFC12BB73F8}.Debug|Any CPU.ActiveCfg = Debug|Any CPU
		{930A11DD-BC3A-4E4A-915C-1CFC12BB73F8}.Debug|Any CPU.Build.0 = Debug|Any CPU
		{930A11DD-BC3A-4E4A-915C-1CFC12BB73F8}.Release|Any CPU.ActiveCfg = Release|Any CPU
		{930A11DD-BC3A-4E4A-915C-1CFC12BB73F8}.Release|Any CPU.Build.0 = Release|Any CPU
	EndGlobalSection
	GlobalSection(SolutionProperties) = preSolution
		HideSolutionNode = FALSE
	EndGlobalSection
	GlobalSection(ExtensibilityGlobals) = postSolution
		SolutionGuid = {0F335A0F-E6EC-4CDB-A0BB-62E6C1CC56CF}
	EndGlobalSection
EndGlobal
